
Microsoft Visual Studio Solution File, Format Version 12.00
# Visual Studio 15
VisualStudioVersion = 15.0.28010.2050
MinimumVisualStudioVersion = 10.0.40219.1
Project("{8BC9CEB8-8B4A-11D0-8D11-00A0C91BC942}") = "shell", "shell\shell.vcxproj", "{C5E94ADF-5638-413E-A675-60287BCE6161}"
EndProject
Project("{8BC9CEB8-8B4A-11D0-8D11-00A0C91BC942}") = "quick", "quick\quick.vcxproj", "{20305CAA-5DC6-4DB6-B807-B53720E5BE1A}"
EndProject
Project("{8BC9CEB8-8B4A-11D0-8D11-00A0C91BC942}") = "heap", "heap\heap.vcxproj", "{283E07C6-7CA1-4E1F-81BB-DF8B2B56C8ED}"
EndProject
Project("{8BC9CEB8-8B4A-11D0-8D11-00A0C91BC942}") = "bubble", "bubble\bubble.vcxproj", "{C31EE828-4814-45FF-B26C-A67CE6B6ED9E}"
EndProject
Project("{8BC9CEB8-8B4A-11D0-8D11-00A0C91BC942}") = "selection", "selection\selection.vcxproj", "{E5CF0ACC-6100-454F-922C-BA1EF8C998E0}"
EndProject
Project("{8BC9CEB8-8B4A-11D0-8D11-00A0C91BC942}") = "insertion", "insertion\insertion.vcxproj", "{CEA4571E-0468-4324-91B9-E55DA8E72DF5}"
EndProject
Global
	GlobalSection(SolutionConfigurationPlatforms) = preSolution
		Debug|x64 = Debug|x64
		Debug|x86 = Debug|x86
		Release|x64 = Release|x64
		Release|x86 = Release|x86
	EndGlobalSection
	GlobalSection(ProjectConfigurationPlatforms) = postSolution
		{C5E94ADF-5638-413E-A675-60287BCE6161}.Debug|x64.ActiveCfg = Debug|x64
		{C5E94ADF-5638-413E-A675-60287BCE6161}.Debug|x64.Build.0 = Debug|x64
		{C5E94ADF-5638-413E-A675-60287BCE6161}.Debug|x86.ActiveCfg = Debug|Win32
		{C5E94ADF-5638-413E-A675-60287BCE6161}.Debug|x86.Build.0 = Debug|Win32
		{C5E94ADF-5638-413E-A675-60287BCE6161}.Release|x64.ActiveCfg = Release|x64
		{C5E94ADF-5638-413E-A675-60287BCE6161}.Release|x64.Build.0 = Release|x64
		{C5E94ADF-5638-413E-A675-60287BCE6161}.Release|x86.ActiveCfg = Release|Win32
		{C5E94ADF-5638-413E-A675-60287BCE6161}.Release|x86.Build.0 = Release|Win32
		{20305CAA-5DC6-4DB6-B807-B53720E5BE1A}.Debug|x64.ActiveCfg = Debug|x64
		{20305CAA-5DC6-4DB6-B807-B53720E5BE1A}.Debug|x64.Build.0 = Debug|x64
		{20305CAA-5DC6-4DB6-B807-B53720E5BE1A}.Debug|x86.ActiveCfg = Debug|Win32
		{20305CAA-5DC6-4DB6-B807-B53720E5BE1A}.Debug|x86.Build.0 = Debug|Win32
		{20305CAA-5DC6-4DB6-B807-B53720E5BE1A}.Release|x64.ActiveCfg = Release|x64
		{20305CAA-5DC6-4DB6-B807-B53720E5BE1A}.Release|x64.Build.0 = Release|x64
		{20305CAA-5DC6-4DB6-B807-B53720E5BE1A}.Release|x86.ActiveCfg = Release|Win32
		{20305CAA-5DC6-4DB6-B807-B53720E5BE1A}.Release|x86.Build.0 = Release|Win32
		{283E07C6-7CA1-4E1F-81BB-DF8B2B56C8ED}.Debug|x64.ActiveCfg = Debug|x64
		{283E07C6-7CA1-4E1F-81BB-DF8B2B56C8ED}.Debug|x64.Build.0 = Debug|x64
		{283E07C6-7CA1-4E1F-81BB-DF8B2B56C8ED}.Debug|x86.ActiveCfg = Debug|Win32
		{283E07C6-7CA1-4E1F-81BB-DF8B2B56C8ED}.Debug|x86.Build.0 = Debug|Win32
		{283E07C6-7CA1-4E1F-81BB-DF8B2B56C8ED}.Release|x64.ActiveCfg = Release|x64
		{283E07C6-7CA1-4E1F-81BB-DF8B2B56C8ED}.Release|x64.Build.0 = Release|x64
		{283E07C6-7CA1-4E1F-81BB-DF8B2B56C8ED}.Release|x86.ActiveCfg = Release|Win32
		{283E07C6-7CA1-4E1F-81BB-DF8B2B56C8ED}.Release|x86.Build.0 = Release|Win32
		{C31EE828-4814-45FF-B26C-A67CE6B6ED9E}.Debug|x64.ActiveCfg = Debug|x64
		{C31EE828-4814-45FF-B26C-A67CE6B6ED9E}.Debug|x64.Build.0 = Debug|x64
		{C31EE828-4814-45FF-B26C-A67CE6B6ED9E}.Debug|x86.ActiveCfg = Debug|Win32
		{C31EE828-4814-45FF-B26C-A67CE6B6ED9E}.Debug|x86.Build.0 = Debug|Win32
		{C31EE828-4814-45FF-B26C-A67CE6B6ED9E}.Release|x64.ActiveCfg = Release|x64
		{C31EE828-4814-45FF-B26C-A67CE6B6ED9E}.Release|x64.Build.0 = Release|x64
		{C31EE828-4814-45FF-B26C-A67CE6B6ED9E}.Release|x86.ActiveCfg = Release|Win32
		{C31EE828-4814-45FF-B26C-A67CE6B6ED9E}.Release|x86.Build.0 = Release|Win32
		{E5CF0ACC-6100-454F-922C-BA1EF8C998E0}.Debug|x64.ActiveCfg = Debug|x64
		{E5CF0ACC-6100-454F-922C-BA1EF8C998E0}.Debug|x64.Build.0 = Debug|x64
		{E5CF0ACC-6100-454F-922C-BA1EF8C998E0}.Debug|x86.ActiveCfg = Debug|Win32
		{E5CF0ACC-6100-454F-922C-BA1EF8C998E0}.Debug|x86.Build.0 = Debug|Win32
		{E5CF0ACC-6100-454F-922C-BA1EF8C998E0}.Release|x64.ActiveCfg = Release|x64
		{E5CF0ACC-6100-454F-922C-BA1EF8C998E0}.Release|x64.Build.0 = Release|x64
		{E5CF0ACC-6100-454F-922C-BA1EF8C998E0}.Release|x86.ActiveCfg = Release|Win32
		{E5CF0ACC-6100-454F-922C-BA1EF8C998E0}.Release|x86.Build.0 = Release|Win32
		{CEA4571E-0468-4324-91B9-E55DA8E72DF5}.Debug|x64.ActiveCfg = Debug|x64
		{CEA4571E-0468-4324-91B9-E55DA8E72DF5}.Debug|x64.Build.0 = Debug|x64
		{CEA4571E-0468-4324-91B9-E55DA8E72DF5}.Debug|x86.ActiveCfg = Debug|Win32
		{CEA4571E-0468-4324-91B9-E55DA8E72DF5}.Debug|x86.Build.0 = Debug|Win32
		{CEA4571E-0468-4324-91B9-E55DA8E72DF5}.Release|x64.ActiveCfg = Release|x64
		{CEA4571E-0468-4324-91B9-E55DA8E72DF5}.Release|x64.Build.0 = Release|x64
		{CEA4571E-0468-4324-91B9-E55DA8E72DF5}.Release|x86.ActiveCfg = Release|Win32
		{CEA4571E-0468-4324-91B9-E55DA8E72DF5}.Release|x86.Build.0 = Release|Win32
	EndGlobalSection
	GlobalSection(SolutionProperties) = preSolution
		HideSolutionNode = FALSE
	EndGlobalSection
	GlobalSection(ExtensibilityGlobals) = postSolution
		SolutionGuid = {D1E49646-3BC4-48F6-85BF-C90D50A871D5}
	EndGlobalSection
EndGlobal
